
Microsoft Visual Studio Solution File, Format Version 12.00
# Visual Studio Version 17
VisualStudioVersion = 17.1.32407.343
MinimumVisualStudioVersion = 10.0.40219.1
Project("{FAE04EC0-301F-11D3-BF4B-00C04F79EFBC}") = "Room_Decoration", "Room_Decoration\Room_Decoration.csproj", "{CC803015-2B52-4B64-B4B1-1A5C1DE8E20B}"
EndProject
Global
	GlobalSection(SolutionConfigurationPlatforms) = preSolution
		Debug|Any CPU = Debug|Any CPU
		Release|Any CPU = Release|Any CPU
	EndGlobalSection
	GlobalSection(ProjectConfigurationPlatforms) = postSolution
		{CC803015-2B52-4B64-B4B1-1A5C1DE8E20B}.Debug|Any CPU.ActiveCfg = Debug|Any CPU
		{CC803015-2B52-4B64-B4B1-1A5C1DE8E20B}.Debug|Any CPU.Build.0 = Debug|Any CPU
		{CC803015-2B52-4B64-B4B1-1A5C1DE8E20B}.Release|Any CPU.ActiveCfg = Release|Any CPU
		{CC803015-2B52-4B64-B4B1-1A5C1DE8E20B}.Release|Any CPU.Build.0 = Release|Any CPU
	EndGlobalSection
	GlobalSection(SolutionProperties) = preSolution
		HideSolutionNode = FALSE
	EndGlobalSection
	GlobalSection(ExtensibilityGlobals) = postSolution
		SolutionGuid = {F1973D36-010F-4577-8D81-7488CA037FD1}
	EndGlobalSection
EndGlobal
